
Microsoft Visual Studio Solution File, Format Version 12.00
# Visual Studio Version 17
VisualStudioVersion = 17.4.33205.214
MinimumVisualStudioVersion = 10.0.40219.1
Project("{FAE04EC0-301F-11D3-BF4B-00C04F79EFBC}") = "Crud", "Crud\Crud.csproj", "{9D425A98-73AD-46F0-B83E-985E92A78947}"
EndProject
Global
	GlobalSection(SolutionConfigurationPlatforms) = preSolution
		Debug|Any CPU = Debug|Any CPU
		Release|Any CPU = Release|Any CPU
	EndGlobalSection
	GlobalSection(ProjectConfigurationPlatforms) = postSolution
		{9D425A98-73AD-46F0-B83E-985E92A78947}.Debug|Any CPU.ActiveCfg = Debug|Any CPU
		{9D425A98-73AD-46F0-B83E-985E92A78947}.Debug|Any CPU.Build.0 = Debug|Any CPU
		{9D425A98-73AD-46F0-B83E-985E92A78947}.Release|Any CPU.ActiveCfg = Release|Any CPU
		{9D425A98-73AD-46F0-B83E-985E92A78947}.Release|Any CPU.Build.0 = Release|Any CPU
	EndGlobalSection
	GlobalSection(SolutionProperties) = preSolution
		HideSolutionNode = FALSE
	EndGlobalSection
	GlobalSection(ExtensibilityGlobals) = postSolution
		SolutionGuid = {A53B9E81-4E6B-47FD-9171-FE972FD90454}
	EndGlobalSection
EndGlobal
